
Microsoft Visual Studio Solution File, Format Version 12.00
# Visual Studio 2013
VisualStudioVersion = 12.0.30723.0
MinimumVisualStudioVersion = 10.0.40219.1
Project("{FAE04EC0-301F-11D3-BF4B-00C04F79EFBC}") = "Web.Api", "MassTransitDemo.Web.Api\Web.Api.csproj", "{34EA7A2E-A2B6-4DE5-99C1-65545F7E316E}"
EndProject
Project("{FAE04EC0-301F-11D3-BF4B-00C04F79EFBC}") = "Contracts", "MassTransitDemo.Contracts\Contracts.csproj", "{1801626C-7D92-45CE-89D2-21AEBF30CCC1}"
EndProject
Project("{FAE04EC0-301F-11D3-BF4B-00C04F79EFBC}") = "Consumer", "MassTransitDemo.Consumer\Consumer.csproj", "{920E499C-0E8A-43DE-9A7E-6209376A36A7}"
EndProject
Global
	GlobalSection(SolutionConfigurationPlatforms) = preSolution
		Debug|Any CPU = Debug|Any CPU
		Release|Any CPU = Release|Any CPU
	EndGlobalSection
	GlobalSection(ProjectConfigurationPlatforms) = postSolution
		{34EA7A2E-A2B6-4DE5-99C1-65545F7E316E}.Debug|Any CPU.ActiveCfg = Debug|Any CPU
		{34EA7A2E-A2B6-4DE5-99C1-65545F7E316E}.Debug|Any CPU.Build.0 = Debug|Any CPU
		{34EA7A2E-A2B6-4DE5-99C1-65545F7E316E}.Release|Any CPU.ActiveCfg = Release|Any CPU
		{34EA7A2E-A2B6-4DE5-99C1-65545F7E316E}.Release|Any CPU.Build.0 = Release|Any CPU
		{1801626C-7D92-45CE-89D2-21AEBF30CCC1}.Debug|Any CPU.ActiveCfg = Debug|Any CPU
		{1801626C-7D92-45CE-89D2-21AEBF30CCC1}.Debug|Any CPU.Build.0 = Debug|Any CPU
		{1801626C-7D92-45CE-89D2-21AEBF30CCC1}.Release|Any CPU.ActiveCfg = Release|Any CPU
		{1801626C-7D92-45CE-89D2-21AEBF30CCC1}.Release|Any CPU.Build.0 = Release|Any CPU
		{920E499C-0E8A-43DE-9A7E-6209376A36A7}.Debug|Any CPU.ActiveCfg = Debug|Any CPU
		{920E499C-0E8A-43DE-9A7E-6209376A36A7}.Debug|Any CPU.Build.0 = Debug|Any CPU
		{920E499C-0E8A-43DE-9A7E-6209376A36A7}.Release|Any CPU.ActiveCfg = Release|Any CPU
		{920E499C-0E8A-43DE-9A7E-6209376A36A7}.Release|Any CPU.Build.0 = Release|Any CPU
	EndGlobalSection
	GlobalSection(SolutionProperties) = preSolution
		HideSolutionNode = FALSE
	EndGlobalSection
EndGlobal
